
Microsoft Visual Studio Solution File, Format Version 12.00
# Visual Studio Version 16
VisualStudioVersion = 16.0.29424.173
MinimumVisualStudioVersion = 10.0.40219.1
Project("{8BC9CEB8-8B4A-11D0-8D11-00A0C91BC942}") = "CenandoConAmigos", "CenandoConAmigos\CenandoConAmigos.vcxproj", "{0E71DB9D-DF12-4765-8DDF-DC054B0B83DD}"
EndProject
Global
	GlobalSection(SolutionConfigurationPlatforms) = preSolution
		Debug|x64 = Debug|x64
		Debug|x86 = Debug|x86
		Release|x64 = Release|x64
		Release|x86 = Release|x86
	EndGlobalSection
	GlobalSection(ProjectConfigurationPlatforms) = postSolution
		{0E71DB9D-DF12-4765-8DDF-DC054B0B83DD}.Debug|x64.ActiveCfg = Debug|x64
		{0E71DB9D-DF12-4765-8DDF-DC054B0B83DD}.Debug|x64.Build.0 = Debug|x64
		{0E71DB9D-DF12-4765-8DDF-DC054B0B83DD}.Debug|x86.ActiveCfg = Debug|Win32
		{0E71DB9D-DF12-4765-8DDF-DC054B0B83DD}.Debug|x86.Build.0 = Debug|Win32
		{0E71DB9D-DF12-4765-8DDF-DC054B0B83DD}.Release|x64.ActiveCfg = Release|x64
		{0E71DB9D-DF12-4765-8DDF-DC054B0B83DD}.Release|x64.Build.0 = Release|x64
		{0E71DB9D-DF12-4765-8DDF-DC054B0B83DD}.Release|x86.ActiveCfg = Release|Win32
		{0E71DB9D-DF12-4765-8DDF-DC054B0B83DD}.Release|x86.Build.0 = Release|Win32
	EndGlobalSection
	GlobalSection(SolutionProperties) = preSolution
		HideSolutionNode = FALSE
	EndGlobalSection
	GlobalSection(ExtensibilityGlobals) = postSolution
		SolutionGuid = {A9146F8D-AAAD-4494-B7AC-F30C3136B648}
	EndGlobalSection
EndGlobal
